
Microsoft Visual Studio Solution File, Format Version 12.00
# Visual Studio Version 18
VisualStudioVersion = 18.4.11605.240 stable
MinimumVisualStudioVersion = 10.0.40219.1
Project("{FAE04EC0-301F-11D3-BF4B-00C04F79EFBC}") = "Blueprint", "Blueprint.csproj", "{FDE736A8-8109-CD13-9818-B362B2D30427}"
EndProject
Global
	GlobalSection(SolutionConfigurationPlatforms) = preSolution
		Debug|Any CPU = Debug|Any CPU
		Release|Any CPU = Release|Any CPU
	EndGlobalSection
	GlobalSection(ProjectConfigurationPlatforms) = postSolution
		{FDE736A8-8109-CD13-9818-B362B2D30427}.Debug|Any CPU.ActiveCfg = Debug|Any CPU
		{FDE736A8-8109-CD13-9818-B362B2D30427}.Debug|Any CPU.Build.0 = Debug|Any CPU
		{FDE736A8-8109-CD13-9818-B362B2D30427}.Release|Any CPU.ActiveCfg = Release|Any CPU
		{FDE736A8-8109-CD13-9818-B362B2D30427}.Release|Any CPU.Build.0 = Release|Any CPU
	EndGlobalSection
	GlobalSection(SolutionProperties) = preSolution
		HideSolutionNode = FALSE
	EndGlobalSection
	GlobalSection(ExtensibilityGlobals) = postSolution
		SolutionGuid = {C191E0CE-2CCB-44BE-A1FA-E5888941CE28}
	EndGlobalSection
EndGlobal
